
Microsoft Visual Studio Solution File, Format Version 11.00
# Visual Studio 2010
Project("{FAE04EC0-301F-11D3-BF4B-00C04F79EFBC}") = "FizzBuzz", "FizzBuzz\FizzBuzz.csproj", "{E983668E-3D0C-4BB0-839A-B5B9208FD075}"
EndProject
Project("{FAE04EC0-301F-11D3-BF4B-00C04F79EFBC}") = "FizzBuzz.Tests", "FizzBuzz.Tests\FizzBuzz.Tests.csproj", "{135AEBDB-1912-4087-ACAB-FF2954B9346D}"
EndProject
Project("{FAE04EC0-301F-11D3-BF4B-00C04F79EFBC}") = "FizzBuzz.Core", "FizzBuzz.Core\FizzBuzz.Core.csproj", "{0C65145D-286B-4518-B4EF-9296C20817D0}"
EndProject
Global
	GlobalSection(SolutionConfigurationPlatforms) = preSolution
		Debug|Any CPU = Debug|Any CPU
		Debug|Mixed Platforms = Debug|Mixed Platforms
		Debug|x86 = Debug|x86
		Release|Any CPU = Release|Any CPU
		Release|Mixed Platforms = Release|Mixed Platforms
		Release|x86 = Release|x86
	EndGlobalSection
	GlobalSection(ProjectConfigurationPlatforms) = postSolution
		{E983668E-3D0C-4BB0-839A-B5B9208FD075}.Debug|Any CPU.ActiveCfg = Debug|x86
		{E983668E-3D0C-4BB0-839A-B5B9208FD075}.Debug|Mixed Platforms.ActiveCfg = Debug|x86
		{E983668E-3D0C-4BB0-839A-B5B9208FD075}.Debug|Mixed Platforms.Build.0 = Debug|x86
		{E983668E-3D0C-4BB0-839A-B5B9208FD075}.Debug|x86.ActiveCfg = Debug|x86
		{E983668E-3D0C-4BB0-839A-B5B9208FD075}.Debug|x86.Build.0 = Debug|x86
		{E983668E-3D0C-4BB0-839A-B5B9208FD075}.Release|Any CPU.ActiveCfg = Release|x86
		{E983668E-3D0C-4BB0-839A-B5B9208FD075}.Release|Mixed Platforms.ActiveCfg = Release|x86
		{E983668E-3D0C-4BB0-839A-B5B9208FD075}.Release|Mixed Platforms.Build.0 = Release|x86
		{E983668E-3D0C-4BB0-839A-B5B9208FD075}.Release|x86.ActiveCfg = Release|x86
		{E983668E-3D0C-4BB0-839A-B5B9208FD075}.Release|x86.Build.0 = Release|x86
		{135AEBDB-1912-4087-ACAB-FF2954B9346D}.Debug|Any CPU.ActiveCfg = Debug|Any CPU
		{135AEBDB-1912-4087-ACAB-FF2954B9346D}.Debug|Any CPU.Build.0 = Debug|Any CPU
		{135AEBDB-1912-4087-ACAB-FF2954B9346D}.Debug|Mixed Platforms.ActiveCfg = Debug|Any CPU
		{135AEBDB-1912-4087-ACAB-FF2954B9346D}.Debug|Mixed Platforms.Build.0 = Debug|Any CPU
		{135AEBDB-1912-4087-ACAB-FF2954B9346D}.Debug|x86.ActiveCfg = Debug|Any CPU
		{135AEBDB-1912-4087-ACAB-FF2954B9346D}.Release|Any CPU.ActiveCfg = Release|Any CPU
		{135AEBDB-1912-4087-ACAB-FF2954B9346D}.Release|Any CPU.Build.0 = Release|Any CPU
		{135AEBDB-1912-4087-ACAB-FF2954B9346D}.Release|Mixed Platforms.ActiveCfg = Release|Any CPU
		{135AEBDB-1912-4087-ACAB-FF2954B9346D}.Release|Mixed Platforms.Build.0 = Release|Any CPU
		{135AEBDB-1912-4087-ACAB-FF2954B9346D}.Release|x86.ActiveCfg = Release|Any CPU
		{0C65145D-286B-4518-B4EF-9296C20817D0}.Debug|Any CPU.ActiveCfg = Debug|Any CPU
		{0C65145D-286B-4518-B4EF-9296C20817D0}.Debug|Any CPU.Build.0 = Debug|Any CPU
		{0C65145D-286B-4518-B4EF-9296C20817D0}.Debug|Mixed Platforms.ActiveCfg = Debug|Any CPU
		{0C65145D-286B-4518-B4EF-9296C20817D0}.Debug|Mixed Platforms.Build.0 = Debug|Any CPU
		{0C65145D-286B-4518-B4EF-9296C20817D0}.Debug|x86.ActiveCfg = Debug|Any CPU
		{0C65145D-286B-4518-B4EF-9296C20817D0}.Release|Any CPU.ActiveCfg = Release|Any CPU
		{0C65145D-286B-4518-B4EF-9296C20817D0}.Release|Any CPU.Build.0 = Release|Any CPU
		{0C65145D-286B-4518-B4EF-9296C20817D0}.Release|Mixed Platforms.ActiveCfg = Release|Any CPU
		{0C65145D-286B-4518-B4EF-9296C20817D0}.Release|Mixed Platforms.Build.0 = Release|Any CPU
		{0C65145D-286B-4518-B4EF-9296C20817D0}.Release|x86.ActiveCfg = Release|Any CPU
	EndGlobalSection
	GlobalSection(SolutionProperties) = preSolution
		HideSolutionNode = FALSE
	EndGlobalSection
EndGlobal
